
Microsoft Visual Studio Solution File, Format Version 12.00
# Visual Studio Version 16
VisualStudioVersion = 16.0.30611.23
MinimumVisualStudioVersion = 10.0.40219.1
Project("{FAE04EC0-301F-11D3-BF4B-00C04F79EFBC}") = "Agile Html", "Agile Html\Agile Html.csproj", "{FE51516B-E5C4-443E-9A4C-FBE348AC55A9}"
EndProject
Global
	GlobalSection(SolutionConfigurationPlatforms) = preSolution
		Debug|Any CPU = Debug|Any CPU
		Release|Any CPU = Release|Any CPU
	EndGlobalSection
	GlobalSection(ProjectConfigurationPlatforms) = postSolution
		{FE51516B-E5C4-443E-9A4C-FBE348AC55A9}.Debug|Any CPU.ActiveCfg = Debug|Any CPU
		{FE51516B-E5C4-443E-9A4C-FBE348AC55A9}.Debug|Any CPU.Build.0 = Debug|Any CPU
		{FE51516B-E5C4-443E-9A4C-FBE348AC55A9}.Release|Any CPU.ActiveCfg = Release|Any CPU
		{FE51516B-E5C4-443E-9A4C-FBE348AC55A9}.Release|Any CPU.Build.0 = Release|Any CPU
	EndGlobalSection
	GlobalSection(SolutionProperties) = preSolution
		HideSolutionNode = FALSE
	EndGlobalSection
	GlobalSection(ExtensibilityGlobals) = postSolution
		SolutionGuid = {06DD48B4-1390-4591-87E5-3FBA2F158F17}
	EndGlobalSection
EndGlobal
